<?xml version="1.0" encoding="utf-8"?>
<Project ToolsVersion="4.0" xmlns="http://schemas.microsoft.com/developer/msbuild/2003">
  <ItemGroup>
    <ClCompile Include="pch.cpp" />
    <ClCompile Include="TestFeedFetcher.cpp">
      <Filter>Source</Filter>
    </ClCompile>
    <ClCompile Include="TestFetchUnit.cpp">
      <Filter>Source</Filter>
    </ClCompile>
    <ClCompile Include="TestHttpRequest.cpp">
      <Filter>Source</Filter>
    </ClCompile>
    <ClCompile Include="TestRSSFeed.cpp">
      <Filter>Source</Filter>
    </ClCompile>
    <ClCompile Include="main.cpp">
      <Filter>Source</Filter>
    </ClCompile>
    <ClCompile Include="TestFeedCommon.cpp">
      <Filter>Source</Filter>
    </ClCompile>
    <ClCompile Include="TestAtomFeed.cpp">
      <Filter>Source</Filter>
    </ClCompile>
  </ItemGroup>
  <ItemGroup>
    <ClInclude Include="pch.h" />
  </ItemGroup>
  <ItemGroup>
    <None Include="packages.config" />
  </ItemGroup>
  <ItemGroup>
    <Filter Include="Source">
      <UniqueIdentifier>{a5ab2bf3-5f95-4536-a2a2-fc4eef0f98a0}</UniqueIdentifier>
    </Filter>
  </ItemGroup>
</Project>