<?xml version="1.0" encoding="utf-8"?>
<Project ToolsVersion="4.0" xmlns="http://schemas.microsoft.com/developer/msbuild/2003">
  <ItemGroup>
    <Filter Include="Source Files">
      <UniqueIdentifier>{4FC737F1-C7A5-4376-A066-2A32D752A2FF}</UniqueIdentifier>
      <Extensions>cpp;c;cc;cxx;c++;cppm;ixx;def;odl;idl;hpj;bat;asm;asmx</Extensions>
    </Filter>
    <Filter Include="Header Files">
      <UniqueIdentifier>{93995380-89BD-4b04-88EB-625FBE52EBFB}</UniqueIdentifier>
      <Extensions>h;hh;hpp;hxx;h++;hm;inl;inc;ipp;xsd</Extensions>
    </Filter>
    <Filter Include="Resource Files">
      <UniqueIdentifier>{67DA6AB6-F800-4c08-8B7A-83BB121AAD01}</UniqueIdentifier>
      <Extensions>rc;ico;cur;bmp;dlg;rc2;rct;bin;rgs;gif;jpg;jpeg;jpe;resx;tiff;tif;png;wav;mfcribbon-ms</Extensions>
    </Filter>
  </ItemGroup>
  <ItemGroup>
    <ClInclude Include="include\FeedFetcher.h">
      <Filter>Header Files</Filter>
    </ClInclude>
    <ClInclude Include="include\HttpGetRequest.h">
      <Filter>Header Files</Filter>
    </ClInclude>
    <ClInclude Include="include\FeedParser.h">
      <Filter>Header Files</Filter>
    </ClInclude>
    <ClInclude Include="include\FetchUnit.h">
      <Filter>Header Files</Filter>
    </ClInclude>
    <ClInclude Include="include\RSSFeed.h">
      <Filter>Header Files</Filter>
    </ClInclude>
    <ClInclude Include="include\FeedElement.h">
      <Filter>Header Files</Filter>
    </ClInclude>
    <ClInclude Include="include\FeedCommon.h">
      <Filter>Header Files</Filter>
    </ClInclude>
    <ClInclude Include="include\AtomFeed.h">
      <Filter>Header Files</Filter>
    </ClInclude>
    <ClInclude Include="include\Feed.h">
      <Filter>Header Files</Filter>
    </ClInclude>
    <ClInclude Include="include\FeedData.h">
      <Filter>Header Files</Filter>
    </ClInclude>
    <ClInclude Include="include\FeedBase.h">
      <Filter>Header Files</Filter>
    </ClInclude>
    <ClInclude Include="include\Worker.h">
      <Filter>Header Files</Filter>
    </ClInclude>
    <ClInclude Include="include\FeedWorker.h">
      <Filter>Header Files</Filter>
    </ClInclude>
    <ClInclude Include="include\Task.h">
      <Filter>Header Files</Filter>
    </ClInclude>
    <ClInclude Include="include\FeedTask.h">
      <Filter>Header Files</Filter>
    </ClInclude>
    <ClInclude Include="include\FeedClient.h">
      <Filter>Header Files</Filter>
    </ClInclude>
    <ClInclude Include="include\FeedDatabase.h">
      <Filter>Header Files</Filter>
    </ClInclude>
    <ClInclude Include="include\SQLite3Handle.h">
      <Filter>Header Files</Filter>
    </ClInclude>
    <ClInclude Include="include\SQLite3Stmt.h">
      <Filter>Header Files</Filter>
    </ClInclude>
    <ClInclude Include="include\Timer.h">
      <Filter>Header Files</Filter>
    </ClInclude>
  </ItemGroup>
  <ItemGroup>
    <ClCompile Include="source\FeedFetcher.cpp">
      <Filter>Source Files</Filter>
    </ClCompile>
    <ClCompile Include="source\FetchUnit.cpp">
      <Filter>Source Files</Filter>
    </ClCompile>
    <ClCompile Include="source\RSSFeed.cpp">
      <Filter>Source Files</Filter>
    </ClCompile>
    <ClCompile Include="source\FeedCommon.cpp">
      <Filter>Source Files</Filter>
    </ClCompile>
    <ClCompile Include="source\AtomFeed.cpp">
      <Filter>Source Files</Filter>
    </ClCompile>
    <ClCompile Include="source\FeedBase.cpp">
      <Filter>Source Files</Filter>
    </ClCompile>
    <ClCompile Include="source\FeedWorker.cpp">
      <Filter>Source Files</Filter>
    </ClCompile>
    <ClCompile Include="source\FeedTask.cpp">
      <Filter>Source Files</Filter>
    </ClCompile>
    <ClCompile Include="source\FeedClient.cpp">
      <Filter>Source Files</Filter>
    </ClCompile>
    <ClCompile Include="source\FeedDatabase.cpp">
      <Filter>Source Files</Filter>
    </ClCompile>
    <ClCompile Include="source\Timer.cpp">
      <Filter>Source Files</Filter>
    </ClCompile>
  </ItemGroup>
</Project>